
Microsoft Visual Studio Solution File, Format Version 12.00
# Visual Studio Version 17
VisualStudioVersion = 17.14.36127.28 d17.14
MinimumVisualStudioVersion = 10.0.40219.1
Project("{FAE04EC0-301F-11D3-BF4B-00C04F79EFBC}") = "conigljt_BMI_Calculator_App", "conigljt_BMI_Calculator_App\conigljt_BMI_Calculator_App.csproj", "{2F596DE6-041C-4FDF-8AE2-56DEDEDB5E93}"
EndProject
Global
	GlobalSection(SolutionConfigurationPlatforms) = preSolution
		Debug|Any CPU = Debug|Any CPU
		Release|Any CPU = Release|Any CPU
	EndGlobalSection
	GlobalSection(ProjectConfigurationPlatforms) = postSolution
		{2F596DE6-041C-4FDF-8AE2-56DEDEDB5E93}.Debug|Any CPU.ActiveCfg = Debug|Any CPU
		{2F596DE6-041C-4FDF-8AE2-56DEDEDB5E93}.Debug|Any CPU.Build.0 = Debug|Any CPU
		{2F596DE6-041C-4FDF-8AE2-56DEDEDB5E93}.Release|Any CPU.ActiveCfg = Release|Any CPU
		{2F596DE6-041C-4FDF-8AE2-56DEDEDB5E93}.Release|Any CPU.Build.0 = Release|Any CPU
	EndGlobalSection
	GlobalSection(SolutionProperties) = preSolution
		HideSolutionNode = FALSE
	EndGlobalSection
	GlobalSection(ExtensibilityGlobals) = postSolution
		SolutionGuid = {E1A291C3-98D8-4A23-8756-2CCD864773C2}
	EndGlobalSection
EndGlobal
